
Microsoft Visual Studio Solution File, Format Version 12.00
# Visual Studio 14
VisualStudioVersion = 14.0.24720.0
MinimumVisualStudioVersion = 10.0.40219.1
Project("{FAE04EC0-301F-11D3-BF4B-00C04F79EFBC}") = "lambda.node", "lambda.node\lambda.node.csproj", "{C577E4E2-18F3-424E-99BE-C9F1C9369A16}"
EndProject
Project("{FAE04EC0-301F-11D3-BF4B-00C04F79EFBC}") = "lambda.node.core", "lambda.node.core\lambda.node.core.csproj", "{5965EAA3-78E1-461B-BA25-69351239241E}"
EndProject
Project("{2150E333-8FDC-42A3-9474-1A3956D46DE8}") = "olap", "olap", "{CF482192-C23D-4B45-8A87-8163D58755A7}"
EndProject
Project("{2150E333-8FDC-42A3-9474-1A3956D46DE8}") = "lambda", "lambda", "{5C872F6A-35FD-41EC-B2CA-33BE6C58748D}"
EndProject
Project("{FAE04EC0-301F-11D3-BF4B-00C04F79EFBC}") = "sample.node", "sample.node\sample.node.csproj", "{B8B4E9B1-24D9-4AA3-80D3-AB398ED9F9E5}"
EndProject
Project("{2150E333-8FDC-42A3-9474-1A3956D46DE8}") = "mapreduce", "mapreduce", "{7657F769-EDEF-42F7-8377-9324ABF7DC4D}"
EndProject
Project("{FAE04EC0-301F-11D3-BF4B-00C04F79EFBC}") = "mapreduce", "mapreduce\mapreduce.csproj", "{5ED14BCE-02E3-4FC4-98C3-D7B1EFFA0D5C}"
EndProject
Project("{FAE04EC0-301F-11D3-BF4B-00C04F79EFBC}") = "olap", "olap\olap.csproj", "{5600ECCA-8896-4398-A8D4-716952D3E45D}"
EndProject
Global
	GlobalSection(SolutionConfigurationPlatforms) = preSolution
		Debug|Any CPU = Debug|Any CPU
		Release|Any CPU = Release|Any CPU
	EndGlobalSection
	GlobalSection(ProjectConfigurationPlatforms) = postSolution
		{C577E4E2-18F3-424E-99BE-C9F1C9369A16}.Debug|Any CPU.ActiveCfg = Debug|Any CPU
		{C577E4E2-18F3-424E-99BE-C9F1C9369A16}.Debug|Any CPU.Build.0 = Debug|Any CPU
		{C577E4E2-18F3-424E-99BE-C9F1C9369A16}.Release|Any CPU.ActiveCfg = Release|Any CPU
		{C577E4E2-18F3-424E-99BE-C9F1C9369A16}.Release|Any CPU.Build.0 = Release|Any CPU
		{5965EAA3-78E1-461B-BA25-69351239241E}.Debug|Any CPU.ActiveCfg = Debug|Any CPU
		{5965EAA3-78E1-461B-BA25-69351239241E}.Debug|Any CPU.Build.0 = Debug|Any CPU
		{5965EAA3-78E1-461B-BA25-69351239241E}.Release|Any CPU.ActiveCfg = Release|Any CPU
		{5965EAA3-78E1-461B-BA25-69351239241E}.Release|Any CPU.Build.0 = Release|Any CPU
		{B8B4E9B1-24D9-4AA3-80D3-AB398ED9F9E5}.Debug|Any CPU.ActiveCfg = Debug|Any CPU
		{B8B4E9B1-24D9-4AA3-80D3-AB398ED9F9E5}.Debug|Any CPU.Build.0 = Debug|Any CPU
		{B8B4E9B1-24D9-4AA3-80D3-AB398ED9F9E5}.Release|Any CPU.ActiveCfg = Release|Any CPU
		{B8B4E9B1-24D9-4AA3-80D3-AB398ED9F9E5}.Release|Any CPU.Build.0 = Release|Any CPU
		{5ED14BCE-02E3-4FC4-98C3-D7B1EFFA0D5C}.Debug|Any CPU.ActiveCfg = Debug|Any CPU
		{5ED14BCE-02E3-4FC4-98C3-D7B1EFFA0D5C}.Debug|Any CPU.Build.0 = Debug|Any CPU
		{5ED14BCE-02E3-4FC4-98C3-D7B1EFFA0D5C}.Release|Any CPU.ActiveCfg = Release|Any CPU
		{5ED14BCE-02E3-4FC4-98C3-D7B1EFFA0D5C}.Release|Any CPU.Build.0 = Release|Any CPU
		{5600ECCA-8896-4398-A8D4-716952D3E45D}.Debug|Any CPU.ActiveCfg = Debug|Any CPU
		{5600ECCA-8896-4398-A8D4-716952D3E45D}.Debug|Any CPU.Build.0 = Debug|Any CPU
		{5600ECCA-8896-4398-A8D4-716952D3E45D}.Release|Any CPU.ActiveCfg = Release|Any CPU
		{5600ECCA-8896-4398-A8D4-716952D3E45D}.Release|Any CPU.Build.0 = Release|Any CPU
	EndGlobalSection
	GlobalSection(SolutionProperties) = preSolution
		HideSolutionNode = FALSE
	EndGlobalSection
	GlobalSection(NestedProjects) = preSolution
		{C577E4E2-18F3-424E-99BE-C9F1C9369A16} = {5C872F6A-35FD-41EC-B2CA-33BE6C58748D}
		{5965EAA3-78E1-461B-BA25-69351239241E} = {5C872F6A-35FD-41EC-B2CA-33BE6C58748D}
		{5ED14BCE-02E3-4FC4-98C3-D7B1EFFA0D5C} = {7657F769-EDEF-42F7-8377-9324ABF7DC4D}
		{5600ECCA-8896-4398-A8D4-716952D3E45D} = {CF482192-C23D-4B45-8A87-8163D58755A7}
	EndGlobalSection
EndGlobal
